
Microsoft Visual Studio Solution File, Format Version 12.00
# Visual Studio 15
VisualStudioVersion = 15.0.27703.2042
MinimumVisualStudioVersion = 10.0.40219.1
Project("{FAE04EC0-301F-11D3-BF4B-00C04F79EFBC}") = "BorderlandsVoiceActivation", "J:\Coding Projecties\BorderlandsVoiceActivation\ConsoleApp1\BorderlandsVoiceActivation.csproj", "{69563CC7-4CCD-4906-B0AE-7036CB9F549C}"
EndProject
Global
	GlobalSection(SolutionConfigurationPlatforms) = preSolution
		Debug|Any CPU = Debug|Any CPU
		Release|Any CPU = Release|Any CPU
	EndGlobalSection
	GlobalSection(ProjectConfigurationPlatforms) = postSolution
		{69563CC7-4CCD-4906-B0AE-7036CB9F549C}.Debug|Any CPU.ActiveCfg = Debug|Any CPU
		{69563CC7-4CCD-4906-B0AE-7036CB9F549C}.Debug|Any CPU.Build.0 = Debug|Any CPU
		{69563CC7-4CCD-4906-B0AE-7036CB9F549C}.Release|Any CPU.ActiveCfg = Release|Any CPU
		{69563CC7-4CCD-4906-B0AE-7036CB9F549C}.Release|Any CPU.Build.0 = Release|Any CPU
	EndGlobalSection
	GlobalSection(SolutionProperties) = preSolution
		HideSolutionNode = FALSE
	EndGlobalSection
	GlobalSection(ExtensibilityGlobals) = postSolution
		SolutionGuid = {1EE4AD2C-44F2-442C-8961-05B5EFF0A145}
	EndGlobalSection
EndGlobal
